
Microsoft Visual Studio Solution File, Format Version 12.00
# Visual Studio Version 17
VisualStudioVersion = 17.7.34003.232
MinimumVisualStudioVersion = 10.0.40219.1
Project("{FAE04EC0-301F-11D3-BF4B-00C04F79EFBC}") = "cSharp", "cSharp\cSharp.csproj", "{304810A1-1D3D-4B86-AF60-8E2101CE1B26}"
EndProject
Global
	GlobalSection(SolutionConfigurationPlatforms) = preSolution
		Debug|Any CPU = Debug|Any CPU
		Release|Any CPU = Release|Any CPU
	EndGlobalSection
	GlobalSection(ProjectConfigurationPlatforms) = postSolution
		{304810A1-1D3D-4B86-AF60-8E2101CE1B26}.Debug|Any CPU.ActiveCfg = Debug|Any CPU
		{304810A1-1D3D-4B86-AF60-8E2101CE1B26}.Debug|Any CPU.Build.0 = Debug|Any CPU
		{304810A1-1D3D-4B86-AF60-8E2101CE1B26}.Release|Any CPU.ActiveCfg = Release|Any CPU
		{304810A1-1D3D-4B86-AF60-8E2101CE1B26}.Release|Any CPU.Build.0 = Release|Any CPU
	EndGlobalSection
	GlobalSection(SolutionProperties) = preSolution
		HideSolutionNode = FALSE
	EndGlobalSection
	GlobalSection(ExtensibilityGlobals) = postSolution
		SolutionGuid = {E9D42F51-DBBF-4B4B-9280-89DF33E2F8B4}
	EndGlobalSection
EndGlobal
